
Microsoft Visual Studio Solution File, Format Version 12.00
# Visual Studio Version 16
VisualStudioVersion = 16.0.29326.143
MinimumVisualStudioVersion = 10.0.40219.1
Project("{FAE04EC0-301F-11D3-BF4B-00C04F79EFBC}") = "AssignmentPorfolio_MedVision", "AssignmentPorfolio_MedVision\AssignmentPorfolio_MedVision.csproj", "{0B570B8A-CC5D-4B9D-864A-AED6066B4B44}"
EndProject
Global
	GlobalSection(SolutionConfigurationPlatforms) = preSolution
		Debug|Any CPU = Debug|Any CPU
		Release|Any CPU = Release|Any CPU
	EndGlobalSection
	GlobalSection(ProjectConfigurationPlatforms) = postSolution
		{0B570B8A-CC5D-4B9D-864A-AED6066B4B44}.Debug|Any CPU.ActiveCfg = Debug|Any CPU
		{0B570B8A-CC5D-4B9D-864A-AED6066B4B44}.Debug|Any CPU.Build.0 = Debug|Any CPU
		{0B570B8A-CC5D-4B9D-864A-AED6066B4B44}.Release|Any CPU.ActiveCfg = Release|Any CPU
		{0B570B8A-CC5D-4B9D-864A-AED6066B4B44}.Release|Any CPU.Build.0 = Release|Any CPU
	EndGlobalSection
	GlobalSection(SolutionProperties) = preSolution
		HideSolutionNode = FALSE
	EndGlobalSection
	GlobalSection(ExtensibilityGlobals) = postSolution
		SolutionGuid = {71DFDA76-D2F2-4D49-8603-143E994DF9DF}
	EndGlobalSection
EndGlobal
